
Microsoft Visual Studio Solution File, Format Version 12.00
# Visual Studio Version 17
VisualStudioVersion = 17.0.31903.59
MinimumVisualStudioVersion = 10.0.40219.1
Project("{2150E333-8FDC-42A3-9474-1A3956D46DE8}") = "services", "services", "{DBADDF67-F9FD-4885-B9B7-74D8E17973CF}"
EndProject
Project("{2150E333-8FDC-42A3-9474-1A3956D46DE8}") = "training", "training", "{9804F2D0-45AF-4DB0-ABC7-1E28F194F2A2}"
EndProject
Project("{FAE04EC0-301F-11D3-BF4B-00C04F79EFBC}") = "Training.API", "services\training\Training.API\Training.API.csproj", "{09DE9A84-F524-4568-B7B8-D4B0F616228E}"
EndProject
Global
	GlobalSection(SolutionConfigurationPlatforms) = preSolution
		Debug|Any CPU = Debug|Any CPU
		Release|Any CPU = Release|Any CPU
	EndGlobalSection
	GlobalSection(SolutionProperties) = preSolution
		HideSolutionNode = FALSE
	EndGlobalSection
	GlobalSection(ProjectConfigurationPlatforms) = postSolution
		{09DE9A84-F524-4568-B7B8-D4B0F616228E}.Debug|Any CPU.ActiveCfg = Debug|Any CPU
		{09DE9A84-F524-4568-B7B8-D4B0F616228E}.Debug|Any CPU.Build.0 = Debug|Any CPU
		{09DE9A84-F524-4568-B7B8-D4B0F616228E}.Release|Any CPU.ActiveCfg = Release|Any CPU
		{09DE9A84-F524-4568-B7B8-D4B0F616228E}.Release|Any CPU.Build.0 = Release|Any CPU
	EndGlobalSection
	GlobalSection(NestedProjects) = preSolution
		{9804F2D0-45AF-4DB0-ABC7-1E28F194F2A2} = {DBADDF67-F9FD-4885-B9B7-74D8E17973CF}
		{09DE9A84-F524-4568-B7B8-D4B0F616228E} = {9804F2D0-45AF-4DB0-ABC7-1E28F194F2A2}
	EndGlobalSection
EndGlobal
